
Microsoft Visual Studio Solution File, Format Version 12.00
# Visual Studio Version 16
VisualStudioVersion = 16.0.31402.337
MinimumVisualStudioVersion = 10.0.40219.1
Project("{F184B08F-C81C-45F6-A57F-5ABD9991F28F}") = "SelectCase(Swicth)", "SelectCase(Swicth)\SelectCase(Swicth).vbproj", "{8C9FEB10-9B09-4958-9FF8-DF2E2C8BE214}"
EndProject
Project("{F184B08F-C81C-45F6-A57F-5ABD9991F28F}") = "BucleFor", "BucleFor\BucleFor.vbproj", "{E2BF3AD4-E0D3-4A35-8CF7-82D63EA8F965}"
EndProject
Project("{2150E333-8FDC-42A3-9474-1A3956D46DE8}") = "Bucles", "Bucles", "{B8951198-B487-4DC8-82F9-0E5ABBC70000}"
EndProject
Project("{2150E333-8FDC-42A3-9474-1A3956D46DE8}") = "EstructurasDeFlujo", "EstructurasDeFlujo", "{44024303-30D2-4183-A472-125E50F50226}"
EndProject
Project("{F184B08F-C81C-45F6-A57F-5ABD9991F28F}") = "BucleWhile", "BucleWhile\BucleWhile.vbproj", "{7F555208-1F72-4792-AF3F-C6526C2BEB1E}"
EndProject
Project("{F184B08F-C81C-45F6-A57F-5ABD9991F28F}") = "DoLoop(DoWhile)", "DoLoop(DoWhile)\DoLoop(DoWhile).vbproj", "{9C67E6FA-CE8E-47F4-81A5-0D227FB2CF36}"
EndProject
Project("{F184B08F-C81C-45F6-A57F-5ABD9991F28F}") = "BuclesAnidados", "BuclesAnidados\BuclesAnidados.vbproj", "{AD77042F-B6A3-47B9-9E35-121FDB402214}"
EndProject
Project("{2150E333-8FDC-42A3-9474-1A3956D46DE8}") = "ArrayYMatricez", "ArrayYMatricez", "{8B4828F3-889C-4AB8-9E07-8F8FECE89718}"
EndProject
Project("{F184B08F-C81C-45F6-A57F-5ABD9991F28F}") = "Arrays", "Arrays\Arrays.vbproj", "{C673843A-82DA-455E-86DB-292AD0B8ED11}"
EndProject
Project("{F184B08F-C81C-45F6-A57F-5ABD9991F28F}") = "Matricez", "Matricez\Matricez.vbproj", "{E9EA205D-FE20-45D8-B4BC-D3B61504D431}"
EndProject
Project("{2150E333-8FDC-42A3-9474-1A3956D46DE8}") = "Variables", "Variables", "{91D9D037-7FB4-49EE-8B05-1391E8E48179}"
EndProject
Project("{F184B08F-C81C-45F6-A57F-5ABD9991F28F}") = "Variables", "Variables\Variables.vbproj", "{1E51F23A-7D41-4D47-A6DE-6030B95AAA47}"
EndProject
Project("{F184B08F-C81C-45F6-A57F-5ABD9991F28F}") = "AmbitoDeVariables", "AmbitoDeVariables\AmbitoDeVariables.vbproj", "{C41783E3-6568-454A-B968-300B8EFA3ECD}"
EndProject
Project("{2150E333-8FDC-42A3-9474-1A3956D46DE8}") = "Operadores", "Operadores", "{607BAF79-C9ED-4071-8B3A-D9F873CDF5CA}"
EndProject
Project("{F184B08F-C81C-45F6-A57F-5ABD9991F28F}") = "Operadores", "Operadores\Operadores.vbproj", "{E923B8D1-37BF-455E-B968-E63FA33C691C}"
EndProject
Project("{2150E333-8FDC-42A3-9474-1A3956D46DE8}") = "EntradaDeDatos", "EntradaDeDatos", "{EB82B698-FE6D-4A49-A6FA-37C7D13499DE}"
EndProject
Project("{F184B08F-C81C-45F6-A57F-5ABD9991F28F}") = "EntradaDeDatos", "EntradaDeDatos\EntradaDeDatos.vbproj", "{A64993F4-549C-4586-9E74-92AC0443AE82}"
EndProject
Project("{F184B08F-C81C-45F6-A57F-5ABD9991F28F}") = "Concatenacion", "Concatenacion\Concatenacion.vbproj", "{F58CCF0A-5396-4FB8-BC4D-CCA6EBB1C006}"
EndProject
Project("{2150E333-8FDC-42A3-9474-1A3956D46DE8}") = "Condicionales", "Condicionales", "{322CF76D-1D0E-4948-B33E-70BBFEF38539}"
EndProject
Project("{F184B08F-C81C-45F6-A57F-5ABD9991F28F}") = "IfElse", "Condicionales\IfElse.vbproj", "{671F15A2-5096-45D7-97B3-8E51A43397C4}"
EndProject
Project("{F184B08F-C81C-45F6-A57F-5ABD9991F28F}") = "ElseIf", "ElseIf\ElseIf.vbproj", "{9AC899B5-4E5C-4379-85B7-DDA6BDFDA41C}"
EndProject
Project("{F184B08F-C81C-45F6-A57F-5ABD9991F28F}") = "AnexoArray", "AnexoArray\AnexoArray.vbproj", "{48521613-4E8D-4C1C-A59D-C192256B196C}"
EndProject
Project("{F184B08F-C81C-45F6-A57F-5ABD9991F28F}") = "OrdenamientoPorSeleccion", "OrdenamientoArray\OrdenamientoPorSeleccion.vbproj", "{00561737-C7D4-4091-B24C-C2DF8F595F78}"
EndProject
Project("{F184B08F-C81C-45F6-A57F-5ABD9991F28F}") = "OrdenamientoPorInserccion", "OrdenamientoPorInserccion\OrdenamientoPorInserccion.vbproj", "{66B05375-D021-40AB-8A30-ADD4B6B78184}"
EndProject
Project("{F184B08F-C81C-45F6-A57F-5ABD9991F28F}") = "OrdenamientoPorMetodoDeBurbuja", "OrdenamientoPorMetodoDeBurbuja\OrdenamientoPorMetodoDeBurbuja.vbproj", "{21D8C252-0B79-4A12-87AF-71C7468C15E4}"
EndProject
Project("{F184B08F-C81C-45F6-A57F-5ABD9991F28F}") = "CopiarElementosArray", "CopiarElementosArray\CopiarElementosArray.vbproj", "{8F8BEE03-7F79-4D0C-92CF-6B4607842FE1}"
EndProject
Project("{F184B08F-C81C-45F6-A57F-5ABD9991F28F}") = "CopiaElementosMatriz", "CopiaElementosMatriz\CopiaElementosMatriz.vbproj", "{D2243FAF-123D-4A9F-8BD1-5309356F2C3C}"
EndProject
Project("{F184B08F-C81C-45F6-A57F-5ABD9991F28F}") = "BusquedaArray", "BusquedaArray\BusquedaArray.vbproj", "{B8388268-E239-4AA7-BB14-E50628A80C7D}"
EndProject
Project("{F184B08F-C81C-45F6-A57F-5ABD9991F28F}") = "RedimPreserve", "RedimPreserve\RedimPreserve.vbproj", "{C4B315AE-DB65-4540-9374-914722A0C226}"
EndProject
Project("{2150E333-8FDC-42A3-9474-1A3956D46DE8}") = "Procedimientos", "Procedimientos", "{70002B9F-3670-4F04-9338-59D3A62C9C69}"
EndProject
Project("{F184B08F-C81C-45F6-A57F-5ABD9991F28F}") = "Teoria", "Sub\Teoria.vbproj", "{AF565F97-6715-4BFA-B381-A015356E1D19}"
EndProject
Project("{F184B08F-C81C-45F6-A57F-5ABD9991F28F}") = "ProcedimientosSub", "ProcedimientosSub\ProcedimientosSub.vbproj", "{DF9343D7-504B-40EA-9406-CCE251C73B12}"
EndProject
Project("{F184B08F-C81C-45F6-A57F-5ABD9991F28F}") = "ParametrosPorValorYPorReferencia", "ParametrosPorValorYPorReferencia\ParametrosPorValorYPorReferencia.vbproj", "{19D68C20-00DE-4923-9471-41E7B3063184}"
EndProject
Project("{F184B08F-C81C-45F6-A57F-5ABD9991F28F}") = "ProcedimientosFunction", "ProcedimientosFunction\ProcedimientosFunction.vbproj", "{FAC1FC21-499B-4E57-95A8-4E5DE23C9DDD}"
EndProject
Project("{2150E333-8FDC-42A3-9474-1A3956D46DE8}") = "Genericos", "Genericos", "{B30BA258-975D-4B83-A198-0E1BB2C4BCBB}"
EndProject
Project("{F184B08F-C81C-45F6-A57F-5ABD9991F28F}") = "Genericos", "Genericos\Genericos.vbproj", "{FADB8FA9-83D5-4A2D-8B85-4FC2360D62CF}"
EndProject
Project("{2150E333-8FDC-42A3-9474-1A3956D46DE8}") = "Colecciones", "Colecciones", "{5F391CCF-B678-457D-B74C-91884ACF70B3}"
EndProject
Project("{2150E333-8FDC-42A3-9474-1A3956D46DE8}") = "Listas", "Listas", "{88B97D5D-4B67-4EE6-89BC-B0E641221150}"
EndProject
Project("{F184B08F-C81C-45F6-A57F-5ABD9991F28F}") = "Listas", "Listas\Listas.vbproj", "{00CC0A13-0D8B-4939-BFA1-BD6B2B8C8B13}"
EndProject
Project("{2150E333-8FDC-42A3-9474-1A3956D46DE8}") = "Excepciones", "Excepciones", "{7DD34E82-FC2E-488C-AE22-2F95F3565ACE}"
EndProject
Project("{F184B08F-C81C-45F6-A57F-5ABD9991F28F}") = "ExcepcionesI", "Excepciones\ExcepcionesI.vbproj", "{EB1B32C9-DF68-46E0-B0A3-4B7F412C531E}"
EndProject
Project("{F184B08F-C81C-45F6-A57F-5ABD9991F28F}") = "ExcepcionesII", "ExcepcionesII\ExcepcionesII.vbproj", "{8A4441F8-FE09-4F78-86F9-D8F4ACEF03D5}"
EndProject
Project("{F184B08F-C81C-45F6-A57F-5ABD9991F28F}") = "ExcepcionesIII", "ExcepcionesIII\ExcepcionesIII.vbproj", "{CD2C5A9C-25BC-41F7-919B-1B598649F173}"
EndProject
Global
	GlobalSection(SolutionConfigurationPlatforms) = preSolution
		Debug|Any CPU = Debug|Any CPU
		Release|Any CPU = Release|Any CPU
	EndGlobalSection
	GlobalSection(ProjectConfigurationPlatforms) = postSolution
		{8C9FEB10-9B09-4958-9FF8-DF2E2C8BE214}.Debug|Any CPU.ActiveCfg = Debug|Any CPU
		{8C9FEB10-9B09-4958-9FF8-DF2E2C8BE214}.Debug|Any CPU.Build.0 = Debug|Any CPU
		{8C9FEB10-9B09-4958-9FF8-DF2E2C8BE214}.Release|Any CPU.ActiveCfg = Release|Any CPU
		{8C9FEB10-9B09-4958-9FF8-DF2E2C8BE214}.Release|Any CPU.Build.0 = Release|Any CPU
		{E2BF3AD4-E0D3-4A35-8CF7-82D63EA8F965}.Debug|Any CPU.ActiveCfg = Debug|Any CPU
		{E2BF3AD4-E0D3-4A35-8CF7-82D63EA8F965}.Debug|Any CPU.Build.0 = Debug|Any CPU
		{E2BF3AD4-E0D3-4A35-8CF7-82D63EA8F965}.Release|Any CPU.ActiveCfg = Release|Any CPU
		{E2BF3AD4-E0D3-4A35-8CF7-82D63EA8F965}.Release|Any CPU.Build.0 = Release|Any CPU
		{7F555208-1F72-4792-AF3F-C6526C2BEB1E}.Debug|Any CPU.ActiveCfg = Debug|Any CPU
		{7F555208-1F72-4792-AF3F-C6526C2BEB1E}.Debug|Any CPU.Build.0 = Debug|Any CPU
		{7F555208-1F72-4792-AF3F-C6526C2BEB1E}.Release|Any CPU.ActiveCfg = Release|Any CPU
		{7F555208-1F72-4792-AF3F-C6526C2BEB1E}.Release|Any CPU.Build.0 = Release|Any CPU
		{9C67E6FA-CE8E-47F4-81A5-0D227FB2CF36}.Debug|Any CPU.ActiveCfg = Debug|Any CPU
		{9C67E6FA-CE8E-47F4-81A5-0D227FB2CF36}.Debug|Any CPU.Build.0 = Debug|Any CPU
		{9C67E6FA-CE8E-47F4-81A5-0D227FB2CF36}.Release|Any CPU.ActiveCfg = Release|Any CPU
		{9C67E6FA-CE8E-47F4-81A5-0D227FB2CF36}.Release|Any CPU.Build.0 = Release|Any CPU
		{AD77042F-B6A3-47B9-9E35-121FDB402214}.Debug|Any CPU.ActiveCfg = Debug|Any CPU
		{AD77042F-B6A3-47B9-9E35-121FDB402214}.Debug|Any CPU.Build.0 = Debug|Any CPU
		{AD77042F-B6A3-47B9-9E35-121FDB402214}.Release|Any CPU.ActiveCfg = Release|Any CPU
		{AD77042F-B6A3-47B9-9E35-121FDB402214}.Release|Any CPU.Build.0 = Release|Any CPU
		{C673843A-82DA-455E-86DB-292AD0B8ED11}.Debug|Any CPU.ActiveCfg = Debug|Any CPU
		{C673843A-82DA-455E-86DB-292AD0B8ED11}.Debug|Any CPU.Build.0 = Debug|Any CPU
		{C673843A-82DA-455E-86DB-292AD0B8ED11}.Release|Any CPU.ActiveCfg = Release|Any CPU
		{C673843A-82DA-455E-86DB-292AD0B8ED11}.Release|Any CPU.Build.0 = Release|Any CPU
		{E9EA205D-FE20-45D8-B4BC-D3B61504D431}.Debug|Any CPU.ActiveCfg = Debug|Any CPU
		{E9EA205D-FE20-45D8-B4BC-D3B61504D431}.Debug|Any CPU.Build.0 = Debug|Any CPU
		{E9EA205D-FE20-45D8-B4BC-D3B61504D431}.Release|Any CPU.ActiveCfg = Release|Any CPU
		{E9EA205D-FE20-45D8-B4BC-D3B61504D431}.Release|Any CPU.Build.0 = Release|Any CPU
		{1E51F23A-7D41-4D47-A6DE-6030B95AAA47}.Debug|Any CPU.ActiveCfg = Debug|Any CPU
		{1E51F23A-7D41-4D47-A6DE-6030B95AAA47}.Debug|Any CPU.Build.0 = Debug|Any CPU
		{1E51F23A-7D41-4D47-A6DE-6030B95AAA47}.Release|Any CPU.ActiveCfg = Release|Any CPU
		{1E51F23A-7D41-4D47-A6DE-6030B95AAA47}.Release|Any CPU.Build.0 = Release|Any CPU
		{C41783E3-6568-454A-B968-300B8EFA3ECD}.Debug|Any CPU.ActiveCfg = Debug|Any CPU
		{C41783E3-6568-454A-B968-300B8EFA3ECD}.Debug|Any CPU.Build.0 = Debug|Any CPU
		{C41783E3-6568-454A-B968-300B8EFA3ECD}.Release|Any CPU.ActiveCfg = Release|Any CPU
		{C41783E3-6568-454A-B968-300B8EFA3ECD}.Release|Any CPU.Build.0 = Release|Any CPU
		{E923B8D1-37BF-455E-B968-E63FA33C691C}.Debug|Any CPU.ActiveCfg = Debug|Any CPU
		{E923B8D1-37BF-455E-B968-E63FA33C691C}.Debug|Any CPU.Build.0 = Debug|Any CPU
		{E923B8D1-37BF-455E-B968-E63FA33C691C}.Release|Any CPU.ActiveCfg = Release|Any CPU
		{E923B8D1-37BF-455E-B968-E63FA33C691C}.Release|Any CPU.Build.0 = Release|Any CPU
		{A64993F4-549C-4586-9E74-92AC0443AE82}.Debug|Any CPU.ActiveCfg = Debug|Any CPU
		{A64993F4-549C-4586-9E74-92AC0443AE82}.Debug|Any CPU.Build.0 = Debug|Any CPU
		{A64993F4-549C-4586-9E74-92AC0443AE82}.Release|Any CPU.ActiveCfg = Release|Any CPU
		{A64993F4-549C-4586-9E74-92AC0443AE82}.Release|Any CPU.Build.0 = Release|Any CPU
		{F58CCF0A-5396-4FB8-BC4D-CCA6EBB1C006}.Debug|Any CPU.ActiveCfg = Debug|Any CPU
		{F58CCF0A-5396-4FB8-BC4D-CCA6EBB1C006}.Debug|Any CPU.Build.0 = Debug|Any CPU
		{F58CCF0A-5396-4FB8-BC4D-CCA6EBB1C006}.Release|Any CPU.ActiveCfg = Release|Any CPU
		{F58CCF0A-5396-4FB8-BC4D-CCA6EBB1C006}.Release|Any CPU.Build.0 = Release|Any CPU
		{671F15A2-5096-45D7-97B3-8E51A43397C4}.Debug|Any CPU.ActiveCfg = Debug|Any CPU
		{671F15A2-5096-45D7-97B3-8E51A43397C4}.Debug|Any CPU.Build.0 = Debug|Any CPU
		{671F15A2-5096-45D7-97B3-8E51A43397C4}.Release|Any CPU.ActiveCfg = Release|Any CPU
		{671F15A2-5096-45D7-97B3-8E51A43397C4}.Release|Any CPU.Build.0 = Release|Any CPU
		{9AC899B5-4E5C-4379-85B7-DDA6BDFDA41C}.Debug|Any CPU.ActiveCfg = Debug|Any CPU
		{9AC899B5-4E5C-4379-85B7-DDA6BDFDA41C}.Debug|Any CPU.Build.0 = Debug|Any CPU
		{9AC899B5-4E5C-4379-85B7-DDA6BDFDA41C}.Release|Any CPU.ActiveCfg = Release|Any CPU
		{9AC899B5-4E5C-4379-85B7-DDA6BDFDA41C}.Release|Any CPU.Build.0 = Release|Any CPU
		{48521613-4E8D-4C1C-A59D-C192256B196C}.Debug|Any CPU.ActiveCfg = Debug|Any CPU
		{48521613-4E8D-4C1C-A59D-C192256B196C}.Debug|Any CPU.Build.0 = Debug|Any CPU
		{48521613-4E8D-4C1C-A59D-C192256B196C}.Release|Any CPU.ActiveCfg = Release|Any CPU
		{48521613-4E8D-4C1C-A59D-C192256B196C}.Release|Any CPU.Build.0 = Release|Any CPU
		{00561737-C7D4-4091-B24C-C2DF8F595F78}.Debug|Any CPU.ActiveCfg = Debug|Any CPU
		{00561737-C7D4-4091-B24C-C2DF8F595F78}.Debug|Any CPU.Build.0 = Debug|Any CPU
		{00561737-C7D4-4091-B24C-C2DF8F595F78}.Release|Any CPU.ActiveCfg = Release|Any CPU
		{00561737-C7D4-4091-B24C-C2DF8F595F78}.Release|Any CPU.Build.0 = Release|Any CPU
		{66B05375-D021-40AB-8A30-ADD4B6B78184}.Debug|Any CPU.ActiveCfg = Debug|Any CPU
		{66B05375-D021-40AB-8A30-ADD4B6B78184}.Debug|Any CPU.Build.0 = Debug|Any CPU
		{66B05375-D021-40AB-8A30-ADD4B6B78184}.Release|Any CPU.ActiveCfg = Release|Any CPU
		{66B05375-D021-40AB-8A30-ADD4B6B78184}.Release|Any CPU.Build.0 = Release|Any CPU
		{21D8C252-0B79-4A12-87AF-71C7468C15E4}.Debug|Any CPU.ActiveCfg = Debug|Any CPU
		{21D8C252-0B79-4A12-87AF-71C7468C15E4}.Debug|Any CPU.Build.0 = Debug|Any CPU
		{21D8C252-0B79-4A12-87AF-71C7468C15E4}.Release|Any CPU.ActiveCfg = Release|Any CPU
		{21D8C252-0B79-4A12-87AF-71C7468C15E4}.Release|Any CPU.Build.0 = Release|Any CPU
		{8F8BEE03-7F79-4D0C-92CF-6B4607842FE1}.Debug|Any CPU.ActiveCfg = Debug|Any CPU
		{8F8BEE03-7F79-4D0C-92CF-6B4607842FE1}.Debug|Any CPU.Build.0 = Debug|Any CPU
		{8F8BEE03-7F79-4D0C-92CF-6B4607842FE1}.Release|Any CPU.ActiveCfg = Release|Any CPU
		{8F8BEE03-7F79-4D0C-92CF-6B4607842FE1}.Release|Any CPU.Build.0 = Release|Any CPU
		{D2243FAF-123D-4A9F-8BD1-5309356F2C3C}.Debug|Any CPU.ActiveCfg = Debug|Any CPU
		{D2243FAF-123D-4A9F-8BD1-5309356F2C3C}.Debug|Any CPU.Build.0 = Debug|Any CPU
		{D2243FAF-123D-4A9F-8BD1-5309356F2C3C}.Release|Any CPU.ActiveCfg = Release|Any CPU
		{D2243FAF-123D-4A9F-8BD1-5309356F2C3C}.Release|Any CPU.Build.0 = Release|Any CPU
		{B8388268-E239-4AA7-BB14-E50628A80C7D}.Debug|Any CPU.ActiveCfg = Debug|Any CPU
		{B8388268-E239-4AA7-BB14-E50628A80C7D}.Debug|Any CPU.Build.0 = Debug|Any CPU
		{B8388268-E239-4AA7-BB14-E50628A80C7D}.Release|Any CPU.ActiveCfg = Release|Any CPU
		{B8388268-E239-4AA7-BB14-E50628A80C7D}.Release|Any CPU.Build.0 = Release|Any CPU
		{C4B315AE-DB65-4540-9374-914722A0C226}.Debug|Any CPU.ActiveCfg = Debug|Any CPU
		{C4B315AE-DB65-4540-9374-914722A0C226}.Debug|Any CPU.Build.0 = Debug|Any CPU
		{C4B315AE-DB65-4540-9374-914722A0C226}.Release|Any CPU.ActiveCfg = Release|Any CPU
		{C4B315AE-DB65-4540-9374-914722A0C226}.Release|Any CPU.Build.0 = Release|Any CPU
		{AF565F97-6715-4BFA-B381-A015356E1D19}.Debug|Any CPU.ActiveCfg = Debug|Any CPU
		{AF565F97-6715-4BFA-B381-A015356E1D19}.Debug|Any CPU.Build.0 = Debug|Any CPU
		{AF565F97-6715-4BFA-B381-A015356E1D19}.Release|Any CPU.ActiveCfg = Release|Any CPU
		{AF565F97-6715-4BFA-B381-A015356E1D19}.Release|Any CPU.Build.0 = Release|Any CPU
		{DF9343D7-504B-40EA-9406-CCE251C73B12}.Debug|Any CPU.ActiveCfg = Debug|Any CPU
		{DF9343D7-504B-40EA-9406-CCE251C73B12}.Debug|Any CPU.Build.0 = Debug|Any CPU
		{DF9343D7-504B-40EA-9406-CCE251C73B12}.Release|Any CPU.ActiveCfg = Release|Any CPU
		{DF9343D7-504B-40EA-9406-CCE251C73B12}.Release|Any CPU.Build.0 = Release|Any CPU
		{19D68C20-00DE-4923-9471-41E7B3063184}.Debug|Any CPU.ActiveCfg = Debug|Any CPU
		{19D68C20-00DE-4923-9471-41E7B3063184}.Debug|Any CPU.Build.0 = Debug|Any CPU
		{19D68C20-00DE-4923-9471-41E7B3063184}.Release|Any CPU.ActiveCfg = Release|Any CPU
		{19D68C20-00DE-4923-9471-41E7B3063184}.Release|Any CPU.Build.0 = Release|Any CPU
		{FAC1FC21-499B-4E57-95A8-4E5DE23C9DDD}.Debug|Any CPU.ActiveCfg = Debug|Any CPU
		{FAC1FC21-499B-4E57-95A8-4E5DE23C9DDD}.Debug|Any CPU.Build.0 = Debug|Any CPU
		{FAC1FC21-499B-4E57-95A8-4E5DE23C9DDD}.Release|Any CPU.ActiveCfg = Release|Any CPU
		{FAC1FC21-499B-4E57-95A8-4E5DE23C9DDD}.Release|Any CPU.Build.0 = Release|Any CPU
		{FADB8FA9-83D5-4A2D-8B85-4FC2360D62CF}.Debug|Any CPU.ActiveCfg = Debug|Any CPU
		{FADB8FA9-83D5-4A2D-8B85-4FC2360D62CF}.Debug|Any CPU.Build.0 = Debug|Any CPU
		{FADB8FA9-83D5-4A2D-8B85-4FC2360D62CF}.Release|Any CPU.ActiveCfg = Release|Any CPU
		{FADB8FA9-83D5-4A2D-8B85-4FC2360D62CF}.Release|Any CPU.Build.0 = Release|Any CPU
		{00CC0A13-0D8B-4939-BFA1-BD6B2B8C8B13}.Debug|Any CPU.ActiveCfg = Debug|Any CPU
		{00CC0A13-0D8B-4939-BFA1-BD6B2B8C8B13}.Debug|Any CPU.Build.0 = Debug|Any CPU
		{00CC0A13-0D8B-4939-BFA1-BD6B2B8C8B13}.Release|Any CPU.ActiveCfg = Release|Any CPU
		{00CC0A13-0D8B-4939-BFA1-BD6B2B8C8B13}.Release|Any CPU.Build.0 = Release|Any CPU
		{EB1B32C9-DF68-46E0-B0A3-4B7F412C531E}.Debug|Any CPU.ActiveCfg = Debug|Any CPU
		{EB1B32C9-DF68-46E0-B0A3-4B7F412C531E}.Debug|Any CPU.Build.0 = Debug|Any CPU
		{EB1B32C9-DF68-46E0-B0A3-4B7F412C531E}.Release|Any CPU.ActiveCfg = Release|Any CPU
		{EB1B32C9-DF68-46E0-B0A3-4B7F412C531E}.Release|Any CPU.Build.0 = Release|Any CPU
		{8A4441F8-FE09-4F78-86F9-D8F4ACEF03D5}.Debug|Any CPU.ActiveCfg = Debug|Any CPU
		{8A4441F8-FE09-4F78-86F9-D8F4ACEF03D5}.Debug|Any CPU.Build.0 = Debug|Any CPU
		{8A4441F8-FE09-4F78-86F9-D8F4ACEF03D5}.Release|Any CPU.ActiveCfg = Release|Any CPU
		{8A4441F8-FE09-4F78-86F9-D8F4ACEF03D5}.Release|Any CPU.Build.0 = Release|Any CPU
		{CD2C5A9C-25BC-41F7-919B-1B598649F173}.Debug|Any CPU.ActiveCfg = Debug|Any CPU
		{CD2C5A9C-25BC-41F7-919B-1B598649F173}.Debug|Any CPU.Build.0 = Debug|Any CPU
		{CD2C5A9C-25BC-41F7-919B-1B598649F173}.Release|Any CPU.ActiveCfg = Release|Any CPU
		{CD2C5A9C-25BC-41F7-919B-1B598649F173}.Release|Any CPU.Build.0 = Release|Any CPU
	EndGlobalSection
	GlobalSection(SolutionProperties) = preSolution
		HideSolutionNode = FALSE
	EndGlobalSection
	GlobalSection(NestedProjects) = preSolution
		{8C9FEB10-9B09-4958-9FF8-DF2E2C8BE214} = {44024303-30D2-4183-A472-125E50F50226}
		{E2BF3AD4-E0D3-4A35-8CF7-82D63EA8F965} = {B8951198-B487-4DC8-82F9-0E5ABBC70000}
		{7F555208-1F72-4792-AF3F-C6526C2BEB1E} = {B8951198-B487-4DC8-82F9-0E5ABBC70000}
		{9C67E6FA-CE8E-47F4-81A5-0D227FB2CF36} = {B8951198-B487-4DC8-82F9-0E5ABBC70000}
		{AD77042F-B6A3-47B9-9E35-121FDB402214} = {B8951198-B487-4DC8-82F9-0E5ABBC70000}
		{C673843A-82DA-455E-86DB-292AD0B8ED11} = {8B4828F3-889C-4AB8-9E07-8F8FECE89718}
		{E9EA205D-FE20-45D8-B4BC-D3B61504D431} = {8B4828F3-889C-4AB8-9E07-8F8FECE89718}
		{1E51F23A-7D41-4D47-A6DE-6030B95AAA47} = {91D9D037-7FB4-49EE-8B05-1391E8E48179}
		{C41783E3-6568-454A-B968-300B8EFA3ECD} = {91D9D037-7FB4-49EE-8B05-1391E8E48179}
		{E923B8D1-37BF-455E-B968-E63FA33C691C} = {607BAF79-C9ED-4071-8B3A-D9F873CDF5CA}
		{A64993F4-549C-4586-9E74-92AC0443AE82} = {EB82B698-FE6D-4A49-A6FA-37C7D13499DE}
		{F58CCF0A-5396-4FB8-BC4D-CCA6EBB1C006} = {EB82B698-FE6D-4A49-A6FA-37C7D13499DE}
		{671F15A2-5096-45D7-97B3-8E51A43397C4} = {322CF76D-1D0E-4948-B33E-70BBFEF38539}
		{9AC899B5-4E5C-4379-85B7-DDA6BDFDA41C} = {322CF76D-1D0E-4948-B33E-70BBFEF38539}
		{48521613-4E8D-4C1C-A59D-C192256B196C} = {8B4828F3-889C-4AB8-9E07-8F8FECE89718}
		{00561737-C7D4-4091-B24C-C2DF8F595F78} = {8B4828F3-889C-4AB8-9E07-8F8FECE89718}
		{66B05375-D021-40AB-8A30-ADD4B6B78184} = {8B4828F3-889C-4AB8-9E07-8F8FECE89718}
		{21D8C252-0B79-4A12-87AF-71C7468C15E4} = {8B4828F3-889C-4AB8-9E07-8F8FECE89718}
		{8F8BEE03-7F79-4D0C-92CF-6B4607842FE1} = {8B4828F3-889C-4AB8-9E07-8F8FECE89718}
		{D2243FAF-123D-4A9F-8BD1-5309356F2C3C} = {8B4828F3-889C-4AB8-9E07-8F8FECE89718}
		{B8388268-E239-4AA7-BB14-E50628A80C7D} = {8B4828F3-889C-4AB8-9E07-8F8FECE89718}
		{C4B315AE-DB65-4540-9374-914722A0C226} = {8B4828F3-889C-4AB8-9E07-8F8FECE89718}
		{AF565F97-6715-4BFA-B381-A015356E1D19} = {70002B9F-3670-4F04-9338-59D3A62C9C69}
		{DF9343D7-504B-40EA-9406-CCE251C73B12} = {70002B9F-3670-4F04-9338-59D3A62C9C69}
		{19D68C20-00DE-4923-9471-41E7B3063184} = {70002B9F-3670-4F04-9338-59D3A62C9C69}
		{FAC1FC21-499B-4E57-95A8-4E5DE23C9DDD} = {70002B9F-3670-4F04-9338-59D3A62C9C69}
		{FADB8FA9-83D5-4A2D-8B85-4FC2360D62CF} = {B30BA258-975D-4B83-A198-0E1BB2C4BCBB}
		{88B97D5D-4B67-4EE6-89BC-B0E641221150} = {5F391CCF-B678-457D-B74C-91884ACF70B3}
		{00CC0A13-0D8B-4939-BFA1-BD6B2B8C8B13} = {88B97D5D-4B67-4EE6-89BC-B0E641221150}
		{EB1B32C9-DF68-46E0-B0A3-4B7F412C531E} = {7DD34E82-FC2E-488C-AE22-2F95F3565ACE}
		{8A4441F8-FE09-4F78-86F9-D8F4ACEF03D5} = {7DD34E82-FC2E-488C-AE22-2F95F3565ACE}
		{CD2C5A9C-25BC-41F7-919B-1B598649F173} = {7DD34E82-FC2E-488C-AE22-2F95F3565ACE}
	EndGlobalSection
	GlobalSection(ExtensibilityGlobals) = postSolution
		SolutionGuid = {AFAAE717-24B5-484D-B341-62C7F9F6916A}
	EndGlobalSection
EndGlobal
